<?xml version="1.0" encoding="utf-8"?>
<Project ToolsVersion="4.0" xmlns="http://schemas.microsoft.com/developer/msbuild/2003">
  <ItemGroup>
    <ClCompile Include="Core\GameObject.h" />
    <ClCompile Include="Main.cpp" />
    <ClCompile Include="GameObjects\Skull.cpp">
      <Filter>Objects</Filter>
    </ClCompile>
    <ClCompile Include="GameObjects\Skull.h">
      <Filter>Objects</Filter>
    </ClCompile>
    <ClCompile Include="GameObjects\Player.h">
      <Filter>Objects</Filter>
    </ClCompile>
    <ClCompile Include="GameObjects\Player.cpp">
      <Filter>Objects</Filter>
    </ClCompile>
    <ClCompile Include="GameObjects\Bullet.cpp">
      <Filter>Objects</Filter>
    </ClCompile>
    <ClCompile Include="SkullGame.cpp" />
  </ItemGroup>
  <ItemGroup>
    <ClInclude Include="Core\Debug.h" />
    <ClInclude Include="GameObjects\Bullet.h">
      <Filter>Objects</Filter>
    </ClInclude>
    <ClInclude Include="SkullGame.h" />
  </ItemGroup>
  <ItemGroup>
    <Filter Include="Objects">
      <UniqueIdentifier>{004ad0b7-6ff8-43fe-a6f0-95eea78ed623}</UniqueIdentifier>
    </Filter>
  </ItemGroup>
</Project>